
Microsoft Visual Studio Solution File, Format Version 12.00
# Visual Studio Version 16
VisualStudioVersion = 16.0.29519.87
MinimumVisualStudioVersion = 10.0.40219.1
Project("{FAE04EC0-301F-11D3-BF4B-00C04F79EFBC}") = "SheetMetalCalc", "SheetMetalCalc.csproj", "{1A41C508-97E7-4AE1-B3C5-82B249FA0D6D}"
EndProject
Global
	GlobalSection(SolutionConfigurationPlatforms) = preSolution
		Debug|Any CPU = Debug|Any CPU
		Release|Any CPU = Release|Any CPU
	EndGlobalSection
	GlobalSection(ProjectConfigurationPlatforms) = postSolution
		{1A41C508-97E7-4AE1-B3C5-82B249FA0D6D}.Debug|Any CPU.ActiveCfg = Debug|Any CPU
		{1A41C508-97E7-4AE1-B3C5-82B249FA0D6D}.Debug|Any CPU.Build.0 = Debug|Any CPU
		{1A41C508-97E7-4AE1-B3C5-82B249FA0D6D}.Release|Any CPU.ActiveCfg = Release|Any CPU
		{1A41C508-97E7-4AE1-B3C5-82B249FA0D6D}.Release|Any CPU.Build.0 = Release|Any CPU
	EndGlobalSection
	GlobalSection(SolutionProperties) = preSolution
		HideSolutionNode = FALSE
	EndGlobalSection
	GlobalSection(ExtensibilityGlobals) = postSolution
		SolutionGuid = {75259A5E-A6A7-44C8-8770-D43D816CE93F}
	EndGlobalSection
EndGlobal
